// !$*UTF8*$!
{
	archiveVersion = 1;
	classes = {
	};
	objectVersion = 50;
	objects = {

/* Begin PBXBuildFile section */
		4C081F6E24230FB8006F5206 /* Helper.m in Sources */ = {isa = PBXBuildFile; fileRef = 4C081F6C24230FB8006F5206 /* Helper.m */; };
		4C7D78C1234731560016A158 /* yololib in Resources */ = {isa = PBXBuildFile; fileRef = 4C7D78C0234731560016A158 /* yololib */; };
		4CD1A5042346EEF8003CD108 /* AppDelegate.m in Sources */ = {isa = PBXBuildFile; fileRef = 4CD1A5032346EEF8003CD108 /* AppDelegate.m */; };
		4CD1A5062346EEF9003CD108 /* Assets.xcassets in Resources */ = {isa = PBXBuildFile; fileRef = 4CD1A5052346EEF9003CD108 /* Assets.xcassets */; };
		4CD1A5092346EEF9003CD108 /* MainMenu.xib in Resources */ = {isa = PBXBuildFile; fileRef = 4CD1A5072346EEF9003CD108 /* MainMenu.xib */; };
		4CD1A50C2346EEF9003CD108 /* main.m in Sources */ = {isa = PBXBuildFile; fileRef = 4CD1A50B2346EEF9003CD108 /* main.m */; };
		4CD1A54F2346EF91003CD108 /* IRTextFieldDrag.m in Sources */ = {isa = PBXBuildFile; fileRef = 4CD1A54D2346EF90003CD108 /* IRTextFieldDrag.m */; };
		4CD1A5532346EFF5003CD108 /* ResourceRules.plist in Resources */ = {isa = PBXBuildFile; fileRef = 4CD1A5512346EFF5003CD108 /* ResourceRules.plist */; };
/* End PBXBuildFile section */

/* Begin PBXFileReference section */
		4C081F6C24230FB8006F5206 /* Helper.m */ = {isa = PBXFileReference; lastKnownFileType = sourcecode.c.objc; path = Helper.m; sourceTree = "<group>"; };
		4C081F6D24230FB8006F5206 /* Helper.h */ = {isa = PBXFileReference; lastKnownFileType = sourcecode.c.h; path = Helper.h; sourceTree = "<group>"; };
		4C7D78C0234731560016A158 /* yololib */ = {isa = PBXFileReference; lastKnownFileType = "compiled.mach-o.executable"; path = yololib; sourceTree = "<group>"; };
		4CD1A4FF2346EEF8003CD108 /* iReSignDylib.app */ = {isa = PBXFileReference; explicitFileType = wrapper.application; includeInIndex = 0; path = iReSignDylib.app; sourceTree = BUILT_PRODUCTS_DIR; };
		4CD1A5022346EEF8003CD108 /* AppDelegate.h */ = {isa = PBXFileReference; lastKnownFileType = sourcecode.c.h; path = AppDelegate.h; sourceTree = "<group>"; };
		4CD1A5032346EEF8003CD108 /* AppDelegate.m */ = {isa = PBXFileReference; lastKnownFileType = sourcecode.c.objc; path = AppDelegate.m; sourceTree = "<group>"; };
		4CD1A5052346EEF9003CD108 /* Assets.xcassets */ = {isa = PBXFileReference; lastKnownFileType = folder.assetcatalog; path = Assets.xcassets; sourceTree = "<group>"; };
		4CD1A5082346EEF9003CD108 /* Base */ = {isa = PBXFileReference; lastKnownFileType = file.xib; name = Base; path = Base.lproj/MainMenu.xib; sourceTree = "<group>"; };
		4CD1A50A2346EEF9003CD108 /* Info.plist */ = {isa = PBXFileReference; lastKnownFileType = text.plist.xml; path = Info.plist; sourceTree = "<group>"; };
		4CD1A50B2346EEF9003CD108 /* main.m */ = {isa = PBXFileReference; lastKnownFileType = sourcecode.c.objc; path = main.m; sourceTree = "<group>"; };
		4CD1A50D2346EEF9003CD108 /* iReSignDylib.entitlements */ = {isa = PBXFileReference; lastKnownFileType = text.plist.entitlements; path = iReSignDylib.entitlements; sourceTree = "<group>"; };
		4CD1A54C2346EF90003CD108 /* IRTextFieldDrag.h */ = {isa = PBXFileReference; fileEncoding = 4; lastKnownFileType = sourcecode.c.h; path = IRTextFieldDrag.h; sourceTree = "<group>"; };
		4CD1A54D2346EF90003CD108 /* IRTextFieldDrag.m */ = {isa = PBXFileReference; fileEncoding = 4; lastKnownFileType = sourcecode.c.objc; path = IRTextFieldDrag.m; sourceTree = "<group>"; };
		4CD1A5512346EFF5003CD108 /* ResourceRules.plist */ = {isa = PBXFileReference; fileEncoding = 4; lastKnownFileType = text.plist.xml; path = ResourceRules.plist; sourceTree = "<group>"; };
/* End PBXFileReference section */

/* Begin PBXFrameworksBuildPhase section */
		4CD1A4FC2346EEF8003CD108 /* Frameworks */ = {
			isa = PBXFrameworksBuildPhase;
			buildActionMask = 2147483647;
			files = (
			);
			runOnlyForDeploymentPostprocessing = 0;
		};
/* End PBXFrameworksBuildPhase section */

/* Begin PBXGroup section */
		4CD1A4F62346EEF8003CD108 = {
			isa = PBXGroup;
			children = (
				4CD1A5012346EEF8003CD108 /* iReSignDylib */,
				4CD1A5002346EEF8003CD108 /* Products */,
			);
			sourceTree = "<group>";
		};
		4CD1A5002346EEF8003CD108 /* Products */ = {
			isa = PBXGroup;
			children = (
				4CD1A4FF2346EEF8003CD108 /* iReSignDylib.app */,
			);
			name = Products;
			sourceTree = "<group>";
		};
		4CD1A5012346EEF8003CD108 /* iReSignDylib */ = {
			isa = PBXGroup;
			children = (
				4CD1A5022346EEF8003CD108 /* AppDelegate.h */,
				4CD1A5032346EEF8003CD108 /* AppDelegate.m */,
				4CD1A54C2346EF90003CD108 /* IRTextFieldDrag.h */,
				4CD1A54D2346EF90003CD108 /* IRTextFieldDrag.m */,
				4C081F6D24230FB8006F5206 /* Helper.h */,
				4C081F6C24230FB8006F5206 /* Helper.m */,
				4CD1A5052346EEF9003CD108 /* Assets.xcassets */,
				4CD1A5072346EEF9003CD108 /* MainMenu.xib */,
				4CD1A50A2346EEF9003CD108 /* Info.plist */,
				4CD1A50B2346EEF9003CD108 /* main.m */,
				4C7D78C0234731560016A158 /* yololib */,
				4CD1A5512346EFF5003CD108 /* ResourceRules.plist */,
				4CD1A50D2346EEF9003CD108 /* iReSignDylib.entitlements */,
			);
			path = iReSignDylib;
			sourceTree = "<group>";
		};
/* End PBXGroup section */

/* Begin PBXNativeTarget section */
		4CD1A4FE2346EEF8003CD108 /* iReSignDylib */ = {
			isa = PBXNativeTarget;
			buildConfigurationList = 4CD1A5102346EEF9003CD108 /* Build configuration list for PBXNativeTarget "iReSignDylib" */;
			buildPhases = (
				4CD1A4FB2346EEF8003CD108 /* Sources */,
				4CD1A4FC2346EEF8003CD108 /* Frameworks */,
				4CD1A4FD2346EEF8003CD108 /* Resources */,
			);
			buildRules = (
			);
			dependencies = (
			);
			name = iReSignDylib;
			productName = iReSignTimeLock;
			productReference = 4CD1A4FF2346EEF8003CD108 /* iReSignDylib.app */;
			productType = "com.apple.product-type.application";
		};
/* End PBXNativeTarget section */

/* Begin PBXProject section */
		4CD1A4F72346EEF8003CD108 /* Project object */ = {
			isa = PBXProject;
			attributes = {
				LastUpgradeCheck = 1010;
				ORGANIZATIONNAME = appulize;
				TargetAttributes = {
					4CD1A4FE2346EEF8003CD108 = {
						CreatedOnToolsVersion = 10.1;
						SystemCapabilities = {
							com.apple.Sandbox = {
								enabled = 0;
							};
						};
					};
				};
			};
			buildConfigurationList = 4CD1A4FA2346EEF8003CD108 /* Build configuration list for PBXProject "iReSignDylib" */;
			compatibilityVersion = "Xcode 9.3";
			developmentRegion = en;
			hasScannedForEncodings = 0;
			knownRegions = (
				en,
				Base,
			);
			mainGroup = 4CD1A4F62346EEF8003CD108;
			productRefGroup = 4CD1A5002346EEF8003CD108 /* Products */;
			projectDirPath = "";
			projectRoot = "";
			targets = (
				4CD1A4FE2346EEF8003CD108 /* iReSignDylib */,
			);
		};
/* End PBXProject section */

/* Begin PBXResourcesBuildPhase section */
		4CD1A4FD2346EEF8003CD108 /* Resources */ = {
			isa = PBXResourcesBuildPhase;
			buildActionMask = 2147483647;
			files = (
				4CD1A5532346EFF5003CD108 /* ResourceRules.plist in Resources */,
				4CD1A5062346EEF9003CD108 /* Assets.xcassets in Resources */,
				4C7D78C1234731560016A158 /* yololib in Resources */,
				4CD1A5092346EEF9003CD108 /* MainMenu.xib in Resources */,
			);
			runOnlyForDeploymentPostprocessing = 0;
		};
/* End PBXResourcesBuildPhase section */

/* Begin PBXSourcesBuildPhase section */
		4CD1A4FB2346EEF8003CD108 /* Sources */ = {
			isa = PBXSourcesBuildPhase;
			buildActionMask = 2147483647;
			files = (
				4CD1A50C2346EEF9003CD108 /* main.m in Sources */,
				4CD1A5042346EEF8003CD108 /* AppDelegate.m in Sources */,
				4CD1A54F2346EF91003CD108 /* IRTextFieldDrag.m in Sources */,
				4C081F6E24230FB8006F5206 /* Helper.m in Sources */,
			);
			runOnlyForDeploymentPostprocessing = 0;
		};
/* End PBXSourcesBuildPhase section */

/* Begin PBXVariantGroup section */
		4CD1A5072346EEF9003CD108 /* MainMenu.xib */ = {
			isa = PBXVariantGroup;
			children = (
				4CD1A5082346EEF9003CD108 /* Base */,
			);
			name = MainMenu.xib;
			sourceTree = "<group>";
		};
/* End PBXVariantGroup section */

/* Begin XCBuildConfiguration section */
		4CD1A50E2346EEF9003CD108 /* Debug */ = {
			isa = XCBuildConfiguration;
			buildSettings = {
				ALWAYS_SEARCH_USER_PATHS = NO;
				CLANG_ANALYZER_NONNULL = YES;
				CLANG_ANALYZER_NUMBER_OBJECT_CONVERSION = YES_AGGRESSIVE;
				CLANG_CXX_LANGUAGE_STANDARD = "gnu++14";
				CLANG_CXX_LIBRARY = "libc++";
				CLANG_ENABLE_MODULES = YES;
				CLANG_ENABLE_OBJC_ARC = YES;
				CLANG_ENABLE_OBJC_WEAK = YES;
				CLANG_WARN_BLOCK_CAPTURE_AUTORELEASING = YES;
				CLANG_WARN_BOOL_CONVERSION = YES;
				CLANG_WARN_COMMA = YES;
				CLANG_WARN_CONSTANT_CONVERSION = YES;
				CLANG_WARN_DEPRECATED_OBJC_IMPLEMENTATIONS = YES;
				CLANG_WARN_DIRECT_OBJC_ISA_USAGE = YES_ERROR;
				CLANG_WARN_DOCUMENTATION_COMMENTS = YES;
				CLANG_WARN_EMPTY_BODY = YES;
				CLANG_WARN_ENUM_CONVERSION = YES;
				CLANG_WARN_INFINITE_RECURSION = YES;
				CLANG_WARN_INT_CONVERSION = YES;
				CLANG_WARN_NON_LITERAL_NULL_CONVERSION = YES;
				CLANG_WARN_OBJC_IMPLICIT_RETAIN_SELF = YES;
				CLANG_WARN_OBJC_LITERAL_CONVERSION = YES;
				CLANG_WARN_OBJC_ROOT_CLASS = YES_ERROR;
				CLANG_WARN_RANGE_LOOP_ANALYSIS = YES;
				CLANG_WARN_STRICT_PROTOTYPES = YES;
				CLANG_WARN_SUSPICIOUS_MOVE = YES;
				CLANG_WARN_UNGUARDED_AVAILABILITY = YES_AGGRESSIVE;
				CLANG_WARN_UNREACHABLE_CODE = YES;
				CLANG_WARN__DUPLICATE_METHOD_MATCH = YES;
				CODE_SIGN_IDENTITY = "-";
				COPY_PHASE_STRIP = NO;
				DEBUG_INFORMATION_FORMAT = dwarf;
				ENABLE_STRICT_OBJC_MSGSEND = YES;
				ENABLE_TESTABILITY = YES;
				GCC_C_LANGUAGE_STANDARD = gnu11;
				GCC_DYNAMIC_NO_PIC = NO;
				GCC_NO_COMMON_BLOCKS = YES;
				GCC_OPTIMIZATION_LEVEL = 0;
				GCC_PREPROCESSOR_DEFINITIONS = (
					"DEBUG=1",
					"$(inherited)",
				);
				GCC_WARN_64_TO_32_BIT_CONVERSION = YES;
				GCC_WARN_ABOUT_RETURN_TYPE = YES_ERROR;
				GCC_WARN_UNDECLARED_SELECTOR = YES;
				GCC_WARN_UNINITIALIZED_AUTOS = YES_AGGRESSIVE;
				GCC_WARN_UNUSED_FUNCTION = YES;
				GCC_WARN_UNUSED_VARIABLE = YES;
				MACOSX_DEPLOYMENT_TARGET = 10.14;
				MTL_ENABLE_DEBUG_INFO = INCLUDE_SOURCE;
				MTL_FAST_MATH = YES;
				ONLY_ACTIVE_ARCH = YES;
				SDKROOT = macosx;
			};
			name = Debug;
		};
		4CD1A50F2346EEF9003CD108 /* Release */ = {
			isa = XCBuildConfiguration;
			buildSettings = {
				ALWAYS_SEARCH_USER_PATHS = NO;
				CLANG_ANALYZER_NONNULL = YES;
				CLANG_ANALYZER_NUMBER_OBJECT_CONVERSION = YES_AGGRESSIVE;
				CLANG_CXX_LANGUAGE_STANDARD = "gnu++14";
				CLANG_CXX_LIBRARY = "libc++";
				CLANG_ENABLE_MODULES = YES;
				CLANG_ENABLE_OBJC_ARC = YES;
				CLANG_ENABLE_OBJC_WEAK = YES;
				CLANG_WARN_BLOCK_CAPTURE_AUTORELEASING = YES;
				CLANG_WARN_BOOL_CONVERSION = YES;
				CLANG_WARN_COMMA = YES;
				CLANG_WARN_CONSTANT_CONVERSION = YES;
				CLANG_WARN_DEPRECATED_OBJC_IMPLEMENTATIONS = YES;
				CLANG_WARN_DIRECT_OBJC_ISA_USAGE = YES_ERROR;
				CLANG_WARN_DOCUMENTATION_COMMENTS = YES;
				CLANG_WARN_EMPTY_BODY = YES;
				CLANG_WARN_ENUM_CONVERSION = YES;
				CLANG_WARN_INFINITE_RECURSION = YES;
				CLANG_WARN_INT_CONVERSION = YES;
				CLANG_WARN_NON_LITERAL_NULL_CONVERSION = YES;
				CLANG_WARN_OBJC_IMPLICIT_RETAIN_SELF = YES;
				CLANG_WARN_OBJC_LITERAL_CONVERSION = YES;
				CLANG_WARN_OBJC_ROOT_CLASS = YES_ERROR;
				CLANG_WARN_RANGE_LOOP_ANALYSIS = YES;
				CLANG_WARN_STRICT_PROTOTYPES = YES;
				CLANG_WARN_SUSPICIOUS_MOVE = YES;
				CLANG_WARN_UNGUARDED_AVAILABILITY = YES_AGGRESSIVE;
				CLANG_WARN_UNREACHABLE_CODE = YES;
				CLANG_WARN__DUPLICATE_METHOD_MATCH = YES;
				CODE_SIGN_IDENTITY = "-";
				COPY_PHASE_STRIP = NO;
				DEBUG_INFORMATION_FORMAT = "dwarf-with-dsym";
				ENABLE_NS_ASSERTIONS = NO;
				ENABLE_STRICT_OBJC_MSGSEND = YES;
				GCC_C_LANGUAGE_STANDARD = gnu11;
				GCC_NO_COMMON_BLOCKS = YES;
				GCC_WARN_64_TO_32_BIT_CONVERSION = YES;
				GCC_WARN_ABOUT_RETURN_TYPE = YES_ERROR;
				GCC_WARN_UNDECLARED_SELECTOR = YES;
				GCC_WARN_UNINITIALIZED_AUTOS = YES_AGGRESSIVE;
				GCC_WARN_UNUSED_FUNCTION = YES;
				GCC_WARN_UNUSED_VARIABLE = YES;
				MACOSX_DEPLOYMENT_TARGET = 10.14;
				MTL_ENABLE_DEBUG_INFO = NO;
				MTL_FAST_MATH = YES;
				SDKROOT = macosx;
			};
			name = Release;
		};
		4CD1A5112346EEF9003CD108 /* Debug */ = {
			isa = XCBuildConfiguration;
			buildSettings = {
				ASSETCATALOG_COMPILER_APPICON_NAME = AppIcon;
				CODE_SIGN_STYLE = Automatic;
				COMBINE_HIDPI_IMAGES = YES;
				INFOPLIST_FILE = iReSignDylib/Info.plist;
				LD_RUNPATH_SEARCH_PATHS = (
					"$(inherited)",
					"@executable_path/../Frameworks",
				);
				LIBRARY_SEARCH_PATHS = (
					"$(inherited)",
					"$(PROJECT_DIR)/iReSignDylib",
				);
				MACOSX_DEPLOYMENT_TARGET = 10.10;
				PRODUCT_BUNDLE_IDENTIFIER = com.appulize.iReSignDylib;
				PRODUCT_NAME = "$(TARGET_NAME)";
			};
			name = Debug;
		};
		4CD1A5122346EEF9003CD108 /* Release */ = {
			isa = XCBuildConfiguration;
			buildSettings = {
				ASSETCATALOG_COMPILER_APPICON_NAME = AppIcon;
				CODE_SIGN_STYLE = Automatic;
				COMBINE_HIDPI_IMAGES = YES;
				INFOPLIST_FILE = iReSignDylib/Info.plist;
				LD_RUNPATH_SEARCH_PATHS = (
					"$(inherited)",
					"@executable_path/../Frameworks",
				);
				LIBRARY_SEARCH_PATHS = (
					"$(inherited)",
					"$(PROJECT_DIR)/iReSignDylib",
				);
				MACOSX_DEPLOYMENT_TARGET = 10.10;
				PRODUCT_BUNDLE_IDENTIFIER = com.appulize.iReSignDylib;
				PRODUCT_NAME = "$(TARGET_NAME)";
			};
			name = Release;
		};
/* End XCBuildConfiguration section */

/* Begin XCConfigurationList section */
		4CD1A4FA2346EEF8003CD108 /* Build configuration list for PBXProject "iReSignDylib" */ = {
			isa = XCConfigurationList;
			buildConfigurations = (
				4CD1A50E2346EEF9003CD108 /* Debug */,
				4CD1A50F2346EEF9003CD108 /* Release */,
			);
			defaultConfigurationIsVisible = 0;
			defaultConfigurationName = Release;
		};
		4CD1A5102346EEF9003CD108 /* Build configuration list for PBXNativeTarget "iReSignDylib" */ = {
			isa = XCConfigurationList;
			buildConfigurations = (
				4CD1A5112346EEF9003CD108 /* Debug */,
				4CD1A5122346EEF9003CD108 /* Release */,
			);
			defaultConfigurationIsVisible = 0;
			defaultConfigurationName = Release;
		};
/* End XCConfigurationList section */
	};
	rootObject = 4CD1A4F72346EEF8003CD108 /* Project object */;
}
